
Microsoft Visual Studio Solution File, Format Version 12.00
# Visual Studio Version 17
VisualStudioVersion = 17.0.31611.283
MinimumVisualStudioVersion = 10.0.40219.1
Project("{9A19103F-16F7-4668-BE54-9A1E7A4F7556}") = "VetToolsApp", "VetToolsApp\VetToolsApp.csproj", "{E08CA740-5CAA-412A-A67F-15D242A848A9}"
EndProject
Project("{2150E333-8FDC-42A3-9474-1A3956D46DE8}") = "Solution Items", "Solution Items", "{B01A9386-B1C6-4B52-B27F-A8D27F11AB44}"
	ProjectSection(SolutionItems) = preProject
		.editorconfig = .editorconfig
	EndProjectSection
EndProject
Global
	GlobalSection(SolutionConfigurationPlatforms) = preSolution
		Debug|Any CPU = Debug|Any CPU
		Release|Any CPU = Release|Any CPU
	EndGlobalSection
	GlobalSection(ProjectConfigurationPlatforms) = postSolution
		{E08CA740-5CAA-412A-A67F-15D242A848A9}.Debug|Any CPU.ActiveCfg = Debug|Any CPU
		{E08CA740-5CAA-412A-A67F-15D242A848A9}.Debug|Any CPU.Build.0 = Debug|Any CPU
		{E08CA740-5CAA-412A-A67F-15D242A848A9}.Debug|Any CPU.Deploy.0 = Debug|Any CPU
		{E08CA740-5CAA-412A-A67F-15D242A848A9}.Release|Any CPU.ActiveCfg = Release|Any CPU
		{E08CA740-5CAA-412A-A67F-15D242A848A9}.Release|Any CPU.Build.0 = Release|Any CPU
		{E08CA740-5CAA-412A-A67F-15D242A848A9}.Release|Any CPU.Deploy.0 = Release|Any CPU
	EndGlobalSection
	GlobalSection(SolutionProperties) = preSolution
		HideSolutionNode = FALSE
	EndGlobalSection
	GlobalSection(ExtensibilityGlobals) = postSolution
		SolutionGuid = {61F7FB11-1E47-470C-91E2-47F8143E1572}
	EndGlobalSection
EndGlobal
